PODS:
  - JTCalendar (2.1.9)
  - MBProgressHUD (1.0.0)
  - SDWebImage (3.8.2):
    - SDWebImage/Core (= 3.8.2)
  - SDWebImage/Core (3.8.2)

DEPENDENCIES:
  - JTCalendar (~> 2.0)
  - MBProgressHUD (~> 1.0.0)
  - SDWebImage

SPEC CHECKSUMS:
  JTCalendar: beb2f4c1b639bf6880f680b4858227acf83a049c
  MBProgressHUD: 4890f671c94e8a0f3cf959aa731e9de2f036d71a
  SDWebImage: 098e97e6176540799c27e804c96653ee0833d13c

PODFILE CHECKSUM: c451f9002813bbd73d400fb110462e87102c0110

COCOAPODS: 1.1.1
